
Microsoft Visual Studio Solution File, Format Version 12.00
#
Project("{FAE04EC0-301F-11D3-BF4B-00C04F79EFBC}") = "Deli", "Deli\Deli.csproj", "{AFF79E47-8610-47D3-88E6-DB6BB3173BA3}"
EndProject
Project("{FAE04EC0-301F-11D3-BF4B-00C04F79EFBC}") = "Deli.Runtime", "Deli.Runtime\Deli.Runtime.csproj", "{95000ACC-97CC-48C9-B784-E55F6141733C}"
EndProject
Project("{FAE04EC0-301F-11D3-BF4B-00C04F79EFBC}") = "Deli.MonoMod", "Deli.MonoMod\Deli.MonoMod.csproj", "{20A88B88-421B-4D72-BA42-9DD9022043B3}"
EndProject
Project("{FAE04EC0-301F-11D3-BF4B-00C04F79EFBC}") = "Deli.Core.Patcher", "Deli.Core\Deli.Core.Patcher\Deli.Core.Patcher.csproj", "{BC4E5AC9-5C45-4309-B114-2AF22A23A1BF}"
EndProject
Project("{FAE04EC0-301F-11D3-BF4B-00C04F79EFBC}") = "Deli.Core.Runtime", "Deli.Core\Deli.Core.Runtime\Deli.Core.Runtime.csproj", "{A88339DC-8781-4F6E-824A-B95044BCCAA5}"
EndProject
Project("{FAE04EC0-301F-11D3-BF4B-00C04F79EFBC}") = "Deli.MonoMod.HookGen", "Deli.MonoMod.HookGen\Deli.MonoMod.HookGen.csproj", "{B5973FC0-192E-474C-AEAD-E24C21E28547}"
EndProject
Global
	GlobalSection(SolutionConfigurationPlatforms) = preSolution
		Debug|Any CPU = Debug|Any CPU
		Release|Any CPU = Release|Any CPU
	EndGlobalSection
	GlobalSection(ProjectConfigurationPlatforms) = postSolution
		{AFF79E47-8610-47D3-88E6-DB6BB3173BA3}.Debug|Any CPU.ActiveCfg = Debug|Any CPU
		{AFF79E47-8610-47D3-88E6-DB6BB3173BA3}.Debug|Any CPU.Build.0 = Debug|Any CPU
		{AFF79E47-8610-47D3-88E6-DB6BB3173BA3}.Release|Any CPU.ActiveCfg = Release|Any CPU
		{AFF79E47-8610-47D3-88E6-DB6BB3173BA3}.Release|Any CPU.Build.0 = Release|Any CPU
		{95000ACC-97CC-48C9-B784-E55F6141733C}.Debug|Any CPU.ActiveCfg = Debug|Any CPU
		{95000ACC-97CC-48C9-B784-E55F6141733C}.Debug|Any CPU.Build.0 = Debug|Any CPU
		{95000ACC-97CC-48C9-B784-E55F6141733C}.Release|Any CPU.ActiveCfg = Release|Any CPU
		{95000ACC-97CC-48C9-B784-E55F6141733C}.Release|Any CPU.Build.0 = Release|Any CPU
		{20A88B88-421B-4D72-BA42-9DD9022043B3}.Debug|Any CPU.ActiveCfg = Debug|Any CPU
		{20A88B88-421B-4D72-BA42-9DD9022043B3}.Debug|Any CPU.Build.0 = Debug|Any CPU
		{20A88B88-421B-4D72-BA42-9DD9022043B3}.Release|Any CPU.ActiveCfg = Release|Any CPU
		{20A88B88-421B-4D72-BA42-9DD9022043B3}.Release|Any CPU.Build.0 = Release|Any CPU
		{BC4E5AC9-5C45-4309-B114-2AF22A23A1BF}.Debug|Any CPU.ActiveCfg = Debug|Any CPU
		{BC4E5AC9-5C45-4309-B114-2AF22A23A1BF}.Debug|Any CPU.Build.0 = Debug|Any CPU
		{BC4E5AC9-5C45-4309-B114-2AF22A23A1BF}.Release|Any CPU.ActiveCfg = Release|Any CPU
		{BC4E5AC9-5C45-4309-B114-2AF22A23A1BF}.Release|Any CPU.Build.0 = Release|Any CPU
		{A88339DC-8781-4F6E-824A-B95044BCCAA5}.Debug|Any CPU.ActiveCfg = Debug|Any CPU
		{A88339DC-8781-4F6E-824A-B95044BCCAA5}.Debug|Any CPU.Build.0 = Debug|Any CPU
		{A88339DC-8781-4F6E-824A-B95044BCCAA5}.Release|Any CPU.ActiveCfg = Release|Any CPU
		{A88339DC-8781-4F6E-824A-B95044BCCAA5}.Release|Any CPU.Build.0 = Release|Any CPU
		{B5973FC0-192E-474C-AEAD-E24C21E28547}.Debug|Any CPU.ActiveCfg = Debug|Any CPU
		{B5973FC0-192E-474C-AEAD-E24C21E28547}.Debug|Any CPU.Build.0 = Debug|Any CPU
		{B5973FC0-192E-474C-AEAD-E24C21E28547}.Release|Any CPU.ActiveCfg = Release|Any CPU
		{B5973FC0-192E-474C-AEAD-E24C21E28547}.Release|Any CPU.Build.0 = Release|Any CPU
	EndGlobalSection
EndGlobal
